{
  "name": "@counters.dev/sdk-example-e2e",
  "lockfileVersion": 3,
  "requires": true,
  "packages": {
    "": {
      "name": "@counters.dev/sdk-example-e2e",
      "dependencies": {
        "@counters.dev/sdk": "file:../.."
      }
    },
    "../..": {
      "name": "@counters.dev/sdk",
      "version": "0.1.0",
      "license": "Apache-2.0",
      "devDependencies": {
        "@types/node": "^22.10.0",
        "@vitest/coverage-v8": "^3.0.5",
        "typescript": "^5.7.2",
        "vitest": "^3.0.5"
      }
    },
    "node_modules/@counters.dev/sdk": {
      "resolved": "../..",
      "link": true
    }
  }
}
